
Microsoft Visual Studio Solution File, Format Version 12.00
# Visual Studio 15
VisualStudioVersion = 15.0.27130.2036
MinimumVisualStudioVersion = 10.0.40219.1
Project("{FAE04EC0-301F-11D3-BF4B-00C04F79EFBC}") = "KeePrint", "KeePrint\KeePrint.csproj", "{A86AE5F7-B461-49EA-B959-81375ED03BD6}"
EndProject
Global
	GlobalSection(SolutionConfigurationPlatforms) = preSolution
		Debug|Any CPU = Debug|Any CPU
		Release|Any CPU = Release|Any CPU
	EndGlobalSection
	GlobalSection(ProjectConfigurationPlatforms) = postSolution
		{A86AE5F7-B461-49EA-B959-81375ED03BD6}.Debug|Any CPU.ActiveCfg = Debug|Any CPU
		{A86AE5F7-B461-49EA-B959-81375ED03BD6}.Debug|Any CPU.Build.0 = Debug|Any CPU
		{A86AE5F7-B461-49EA-B959-81375ED03BD6}.Release|Any CPU.ActiveCfg = Release|Any CPU
		{A86AE5F7-B461-49EA-B959-81375ED03BD6}.Release|Any CPU.Build.0 = Release|Any CPU
	EndGlobalSection
	GlobalSection(SolutionProperties) = preSolution
		HideSolutionNode = FALSE
	EndGlobalSection
	GlobalSection(ExtensibilityGlobals) = postSolution
		SolutionGuid = {5A333711-E415-4167-BD1B-D92DC663D19C}
	EndGlobalSection
EndGlobal
